// !$*UTF8*$!
{
	archiveVersion = 1;
	classes = {
	};
	objectVersion = 46;
	objects = {

/* Begin PBXBuildFile section */
		2E098B301F70CBB70079CCA7 /* main.m in Sources */ = {isa = PBXBuildFile; fileRef = 2E098B2F1F70CBB70079CCA7 /* main.m */; };
		2E098B331F70CBB70079CCA7 /* AppDelegate.m in Sources */ = {isa = PBXBuildFile; fileRef = 2E098B321F70CBB70079CCA7 /* AppDelegate.m */; };
		2E098B361F70CBB70079CCA7 /* ViewController.m in Sources */ = {isa = PBXBuildFile; fileRef = 2E098B351F70CBB70079CCA7 /* ViewController.m */; };
		2E098B391F70CBB70079CCA7 /* Main.storyboard in Resources */ = {isa = PBXBuildFile; fileRef = 2E098B371F70CBB70079CCA7 /* Main.storyboard */; };
		2E098B3B1F70CBB70079CCA7 /* Assets.xcassets in Resources */ = {isa = PBXBuildFile; fileRef = 2E098B3A1F70CBB70079CCA7 /* Assets.xcassets */; };
		2E098B3E1F70CBB70079CCA7 /* LaunchScreen.storyboard in Resources */ = {isa = PBXBuildFile; fileRef = 2E098B3C1F70CBB70079CCA7 /* LaunchScreen.storyboard */; };
		2E098B471F70F6B00079CCA7 /* SecondViewController.m in Sources */ = {isa = PBXBuildFile; fileRef = 2E098B461F70F6B00079CCA7 /* SecondViewController.m */; };
		2E9871DF1F712B02006DB9D0 /* ThirdViewController.m in Sources */ = {isa = PBXBuildFile; fileRef = 2E9871DE1F712B02006DB9D0 /* ThirdViewController.m */; };
		2E9871E21F720D02006DB9D0 /* FourViewController.m in Sources */ = {isa = PBXBuildFile; fileRef = 2E9871E11F720D02006DB9D0 /* FourViewController.m */; };
		2E9871E51F720E73006DB9D0 /* FiveViewController.m in Sources */ = {isa = PBXBuildFile; fileRef = 2E9871E41F720E73006DB9D0 /* FiveViewController.m */; };
		2E9871E81F720FCD006DB9D0 /* SixViewController.m in Sources */ = {isa = PBXBuildFile; fileRef = 2E9871E71F720FCD006DB9D0 /* SixViewController.m */; };
		321430EE674604DC83066258 /* Pods_Jenkins_test.framework in Frameworks */ = {isa = PBXBuildFile; fileRef = 6B7CD77B980B9BA45DA75C1E /* Pods_Jenkins_test.framework */; };
/* End PBXBuildFile section */

/* Begin PBXFileReference section */
		2E098B2B1F70CBB70079CCA7 /* Jenkins_test.app */ = {isa = PBXFileReference; explicitFileType = wrapper.application; includeInIndex = 0; path = Jenkins_test.app; sourceTree = BUILT_PRODUCTS_DIR; };
		2E098B2F1F70CBB70079CCA7 /* main.m */ = {isa = PBXFileReference; lastKnownFileType = sourcecode.c.objc; path = main.m; sourceTree = "<group>"; };
		2E098B311F70CBB70079CCA7 /* AppDelegate.h */ = {isa = PBXFileReference; lastKnownFileType = sourcecode.c.h; path = AppDelegate.h; sourceTree = "<group>"; };
		2E098B321F70CBB70079CCA7 /* AppDelegate.m */ = {isa = PBXFileReference; lastKnownFileType = sourcecode.c.objc; path = AppDelegate.m; sourceTree = "<group>"; };
		2E098B341F70CBB70079CCA7 /* ViewController.h */ = {isa = PBXFileReference; lastKnownFileType = sourcecode.c.h; path = ViewController.h; sourceTree = "<group>"; };
		2E098B351F70CBB70079CCA7 /* ViewController.m */ = {isa = PBXFileReference; lastKnownFileType = sourcecode.c.objc; path = ViewController.m; sourceTree = "<group>"; };
		2E098B381F70CBB70079CCA7 /* Base */ = {isa = PBXFileReference; lastKnownFileType = file.storyboard; name = Base; path = Base.lproj/Main.storyboard; sourceTree = "<group>"; };
		2E098B3A1F70CBB70079CCA7 /* Assets.xcassets */ = {isa = PBXFileReference; lastKnownFileType = folder.assetcatalog; path = Assets.xcassets; sourceTree = "<group>"; };
		2E098B3D1F70CBB70079CCA7 /* Base */ = {isa = PBXFileReference; lastKnownFileType = file.storyboard; name = Base; path = Base.lproj/LaunchScreen.storyboard; sourceTree = "<group>"; };
		2E098B3F1F70CBB70079CCA7 /* Info.plist */ = {isa = PBXFileReference; lastKnownFileType = text.plist.xml; path = Info.plist; sourceTree = "<group>"; };
		2E098B451F70F6B00079CCA7 /* SecondViewController.h */ = {isa = PBXFileReference; fileEncoding = 4; lastKnownFileType = sourcecode.c.h; path = SecondViewController.h; sourceTree = "<group>"; };
		2E098B461F70F6B00079CCA7 /* SecondViewController.m */ = {isa = PBXFileReference; fileEncoding = 4; lastKnownFileType = sourcecode.c.objc; path = SecondViewController.m; sourceTree = "<group>"; };
		2E9871DD1F712B02006DB9D0 /* ThirdViewController.h */ = {isa = PBXFileReference; fileEncoding = 4; lastKnownFileType = sourcecode.c.h; path = ThirdViewController.h; sourceTree = "<group>"; };
		2E9871DE1F712B02006DB9D0 /* ThirdViewController.m */ = {isa = PBXFileReference; fileEncoding = 4; lastKnownFileType = sourcecode.c.objc; path = ThirdViewController.m; sourceTree = "<group>"; };
		2E9871E01F720D02006DB9D0 /* FourViewController.h */ = {isa = PBXFileReference; fileEncoding = 4; lastKnownFileType = sourcecode.c.h; path = FourViewController.h; sourceTree = "<group>"; };
		2E9871E11F720D02006DB9D0 /* FourViewController.m */ = {isa = PBXFileReference; fileEncoding = 4; lastKnownFileType = sourcecode.c.objc; path = FourViewController.m; sourceTree = "<group>"; };
		2E9871E31F720E73006DB9D0 /* FiveViewController.h */ = {isa = PBXFileReference; fileEncoding = 4; lastKnownFileType = sourcecode.c.h; path = FiveViewController.h; sourceTree = "<group>"; };
		2E9871E41F720E73006DB9D0 /* FiveViewController.m */ = {isa = PBXFileReference; fileEncoding = 4; lastKnownFileType = sourcecode.c.objc; path = FiveViewController.m; sourceTree = "<group>"; };
		2E9871E61F720FCD006DB9D0 /* SixViewController.h */ = {isa = PBXFileReference; fileEncoding = 4; lastKnownFileType = sourcecode.c.h; path = SixViewController.h; sourceTree = "<group>"; };
		2E9871E71F720FCD006DB9D0 /* SixViewController.m */ = {isa = PBXFileReference; fileEncoding = 4; lastKnownFileType = sourcecode.c.objc; path = SixViewController.m; sourceTree = "<group>"; };
		3A64A2EB410D0084839B1965 /* Pods-Jenkins_test.release.xcconfig */ = {isa = PBXFileReference; includeInIndex = 1; lastKnownFileType = text.xcconfig; name = "Pods-Jenkins_test.release.xcconfig"; path = "Pods/Target Support Files/Pods-Jenkins_test/Pods-Jenkins_test.release.xcconfig"; sourceTree = "<group>"; };
		6B7CD77B980B9BA45DA75C1E /* Pods_Jenkins_test.framework */ = {isa = PBXFileReference; explicitFileType = wrapper.framework; includeInIndex = 0; path = Pods_Jenkins_test.framework; sourceTree = BUILT_PRODUCTS_DIR; };
		7E7612FC2C728FEED05A7952 /* Pods-Jenkins_test.debug.xcconfig */ = {isa = PBXFileReference; includeInIndex = 1; lastKnownFileType = text.xcconfig; name = "Pods-Jenkins_test.debug.xcconfig"; path = "Pods/Target Support Files/Pods-Jenkins_test/Pods-Jenkins_test.debug.xcconfig"; sourceTree = "<group>"; };
/* End PBXFileReference section */

/* Begin PBXFrameworksBuildPhase section */
		2E098B281F70CBB70079CCA7 /* Frameworks */ = {
			isa = PBXFrameworksBuildPhase;
			buildActionMask = 2147483647;
			files = (
				321430EE674604DC83066258 /* Pods_Jenkins_test.framework in Frameworks */,
			);
			runOnlyForDeploymentPostprocessing = 0;
		};
/* End PBXFrameworksBuildPhase section */

/* Begin PBXGroup section */
		2E098B221F70CBB70079CCA7 = {
			isa = PBXGroup;
			children = (
				2E098B2D1F70CBB70079CCA7 /* Jenkins_test */,
				2E098B2C1F70CBB70079CCA7 /* Products */,
				7DC13E96E435DE86F3F4BE31 /* Pods */,
				77CE06AD92B8C729C36F4CBB /* Frameworks */,
			);
			sourceTree = "<group>";
		};
		2E098B2C1F70CBB70079CCA7 /* Products */ = {
			isa = PBXGroup;
			children = (
				2E098B2B1F70CBB70079CCA7 /* Jenkins_test.app */,
			);
			name = Products;
			sourceTree = "<group>";
		};
		2E098B2D1F70CBB70079CCA7 /* Jenkins_test */ = {
			isa = PBXGroup;
			children = (
				2E098B311F70CBB70079CCA7 /* AppDelegate.h */,
				2E098B321F70CBB70079CCA7 /* AppDelegate.m */,
				2E098B341F70CBB70079CCA7 /* ViewController.h */,
				2E098B351F70CBB70079CCA7 /* ViewController.m */,
				2E098B451F70F6B00079CCA7 /* SecondViewController.h */,
				2E098B461F70F6B00079CCA7 /* SecondViewController.m */,
				2E9871DD1F712B02006DB9D0 /* ThirdViewController.h */,
				2E9871DE1F712B02006DB9D0 /* ThirdViewController.m */,
				2E9871E01F720D02006DB9D0 /* FourViewController.h */,
				2E9871E11F720D02006DB9D0 /* FourViewController.m */,
				2E9871E31F720E73006DB9D0 /* FiveViewController.h */,
				2E9871E41F720E73006DB9D0 /* FiveViewController.m */,
				2E9871E61F720FCD006DB9D0 /* SixViewController.h */,
				2E9871E71F720FCD006DB9D0 /* SixViewController.m */,
				2E098B371F70CBB70079CCA7 /* Main.storyboard */,
				2E098B3A1F70CBB70079CCA7 /* Assets.xcassets */,
				2E098B3C1F70CBB70079CCA7 /* LaunchScreen.storyboard */,
				2E098B3F1F70CBB70079CCA7 /* Info.plist */,
				2E098B2E1F70CBB70079CCA7 /* Supporting Files */,
			);
			path = Jenkins_test;
			sourceTree = "<group>";
		};
		2E098B2E1F70CBB70079CCA7 /* Supporting Files */ = {
			isa = PBXGroup;
			children = (
				2E098B2F1F70CBB70079CCA7 /* main.m */,
			);
			name = "Supporting Files";
			sourceTree = "<group>";
		};
		77CE06AD92B8C729C36F4CBB /* Frameworks */ = {
			isa = PBXGroup;
			children = (
				6B7CD77B980B9BA45DA75C1E /* Pods_Jenkins_test.framework */,
			);
			name = Frameworks;
			sourceTree = "<group>";
		};
		7DC13E96E435DE86F3F4BE31 /* Pods */ = {
			isa = PBXGroup;
			children = (
				7E7612FC2C728FEED05A7952 /* Pods-Jenkins_test.debug.xcconfig */,
				3A64A2EB410D0084839B1965 /* Pods-Jenkins_test.release.xcconfig */,
			);
			name = Pods;
			sourceTree = "<group>";
		};
/* End PBXGroup section */

/* Begin PBXNativeTarget section */
		2E098B2A1F70CBB70079CCA7 /* Jenkins_test */ = {
			isa = PBXNativeTarget;
			buildConfigurationList = 2E098B421F70CBB70079CCA7 /* Build configuration list for PBXNativeTarget "Jenkins_test" */;
			buildPhases = (
				2E9DC1DCA66205A9601447BA /* [CP] Check Pods Manifest.lock */,
				2E098B271F70CBB70079CCA7 /* Sources */,
				2E098B281F70CBB70079CCA7 /* Frameworks */,
				2E098B291F70CBB70079CCA7 /* Resources */,
				DC5BF8C2DFE3C2715443D854 /* [CP] Embed Pods Frameworks */,
				418BCCE550C981F78B1E5A08 /* [CP] Copy Pods Resources */,
			);
			buildRules = (
			);
			dependencies = (
			);
			name = Jenkins_test;
			productName = Jenkins_test;
			productReference = 2E098B2B1F70CBB70079CCA7 /* Jenkins_test.app */;
			productType = "com.apple.product-type.application";
		};
/* End PBXNativeTarget section */

/* Begin PBXProject section */
		2E098B231F70CBB70079CCA7 /* Project object */ = {
			isa = PBXProject;
			attributes = {
				LastUpgradeCheck = 0820;
				ORGANIZATIONNAME = lutaohua;
				TargetAttributes = {
					2E098B2A1F70CBB70079CCA7 = {
						CreatedOnToolsVersion = 8.2.1;
						DevelopmentTeam = P3MDCGZMK7;
						ProvisioningStyle = Automatic;
					};
				};
			};
			buildConfigurationList = 2E098B261F70CBB70079CCA7 /* Build configuration list for PBXProject "Jenkins_test" */;
			compatibilityVersion = "Xcode 3.2";
			developmentRegion = English;
			hasScannedForEncodings = 0;
			knownRegions = (
				en,
				Base,
			);
			mainGroup = 2E098B221F70CBB70079CCA7;
			productRefGroup = 2E098B2C1F70CBB70079CCA7 /* Products */;
			projectDirPath = "";
			projectRoot = "";
			targets = (
				2E098B2A1F70CBB70079CCA7 /* Jenkins_test */,
			);
		};
/* End PBXProject section */

/* Begin PBXResourcesBuildPhase section */
		2E098B291F70CBB70079CCA7 /* Resources */ = {
			isa = PBXResourcesBuildPhase;
			buildActionMask = 2147483647;
			files = (
				2E098B3E1F70CBB70079CCA7 /* LaunchScreen.storyboard in Resources */,
				2E098B3B1F70CBB70079CCA7 /* Assets.xcassets in Resources */,
				2E098B391F70CBB70079CCA7 /* Main.storyboard in Resources */,
			);
			runOnlyForDeploymentPostprocessing = 0;
		};
/* End PBXResourcesBuildPhase section */

/* Begin PBXShellScriptBuildPhase section */
		2E9DC1DCA66205A9601447BA /* [CP] Check Pods Manifest.lock */ = {
			isa = PBXShellScriptBuildPhase;
			buildActionMask = 2147483647;
			files = (
			);
			inputPaths = (
			);
			name = "[CP] Check Pods Manifest.lock";
			outputPaths = (
			);
			runOnlyForDeploymentPostprocessing = 0;
			shellPath = /bin/sh;
			shellScript = "diff \"${PODS_ROOT}/../Podfile.lock\" \"${PODS_ROOT}/Manifest.lock\" > /dev/null\nif [ $? != 0 ] ; then\n    # print error to STDERR\n    echo \"error: The sandbox is not in sync with the Podfile.lock. Run 'pod install' or update your CocoaPods installation.\" >&2\n    exit 1\nfi\n";
			showEnvVarsInLog = 0;
		};
		418BCCE550C981F78B1E5A08 /* [CP] Copy Pods Resources */ = {
			isa = PBXShellScriptBuildPhase;
			buildActionMask = 2147483647;
			files = (
			);
			inputPaths = (
			);
			name = "[CP] Copy Pods Resources";
			outputPaths = (
			);
			runOnlyForDeploymentPostprocessing = 0;
			shellPath = /bin/sh;
			shellScript = "\"${SRCROOT}/Pods/Target Support Files/Pods-Jenkins_test/Pods-Jenkins_test-resources.sh\"\n";
			showEnvVarsInLog = 0;
		};
		DC5BF8C2DFE3C2715443D854 /* [CP] Embed Pods Frameworks */ = {
			isa = PBXShellScriptBuildPhase;
			buildActionMask = 2147483647;
			files = (
			);
			inputPaths = (
			);
			name = "[CP] Embed Pods Frameworks";
			outputPaths = (
			);
			runOnlyForDeploymentPostprocessing = 0;
			shellPath = /bin/sh;
			shellScript = "\"${SRCROOT}/Pods/Target Support Files/Pods-Jenkins_test/Pods-Jenkins_test-frameworks.sh\"\n";
			showEnvVarsInLog = 0;
		};
/* End PBXShellScriptBuildPhase section */

/* Begin PBXSourcesBuildPhase section */
		2E098B271F70CBB70079CCA7 /* Sources */ = {
			isa = PBXSourcesBuildPhase;
			buildActionMask = 2147483647;
			files = (
				2E9871E21F720D02006DB9D0 /* FourViewController.m in Sources */,
				2E9871E81F720FCD006DB9D0 /* SixViewController.m in Sources */,
				2E098B471F70F6B00079CCA7 /* SecondViewController.m in Sources */,
				2E9871DF1F712B02006DB9D0 /* ThirdViewController.m in Sources */,
				2E098B361F70CBB70079CCA7 /* ViewController.m in Sources */,
				2E098B331F70CBB70079CCA7 /* AppDelegate.m in Sources */,
				2E098B301F70CBB70079CCA7 /* main.m in Sources */,
				2E9871E51F720E73006DB9D0 /* FiveViewController.m in Sources */,
			);
			runOnlyForDeploymentPostprocessing = 0;
		};
/* End PBXSourcesBuildPhase section */

/* Begin PBXVariantGroup section */
		2E098B371F70CBB70079CCA7 /* Main.storyboard */ = {
			isa = PBXVariantGroup;
			children = (
				2E098B381F70CBB70079CCA7 /* Base */,
			);
			name = Main.storyboard;
			sourceTree = "<group>";
		};
		2E098B3C1F70CBB70079CCA7 /* LaunchScreen.storyboard */ = {
			isa = PBXVariantGroup;
			children = (
				2E098B3D1F70CBB70079CCA7 /* Base */,
			);
			name = LaunchScreen.storyboard;
			sourceTree = "<group>";
		};
/* End PBXVariantGroup section */

/* Begin XCBuildConfiguration section */
		2E098B401F70CBB70079CCA7 /* Debug */ = {
			isa = XCBuildConfiguration;
			buildSettings = {
				ALWAYS_SEARCH_USER_PATHS = NO;
				CLANG_ANALYZER_NONNULL = YES;
				CLANG_CXX_LANGUAGE_STANDARD = "gnu++0x";
				CLANG_CXX_LIBRARY = "libc++";
				CLANG_ENABLE_MODULES = YES;
				CLANG_ENABLE_OBJC_ARC = YES;
				CLANG_WARN_BOOL_CONVERSION = YES;
				CLANG_WARN_CONSTANT_CONVERSION = YES;
				CLANG_WARN_DIRECT_OBJC_ISA_USAGE = YES_ERROR;
				CLANG_WARN_DOCUMENTATION_COMMENTS = YES;
				CLANG_WARN_EMPTY_BODY = YES;
				CLANG_WARN_ENUM_CONVERSION = YES;
				CLANG_WARN_INFINITE_RECURSION = YES;
				CLANG_WARN_INT_CONVERSION = YES;
				CLANG_WARN_OBJC_ROOT_CLASS = YES_ERROR;
				CLANG_WARN_SUSPICIOUS_MOVE = YES;
				CLANG_WARN_UNREACHABLE_CODE = YES;
				CLANG_WARN__DUPLICATE_METHOD_MATCH = YES;
				"CODE_SIGN_IDENTITY[sdk=iphoneos*]" = "iPhone Developer";
				COPY_PHASE_STRIP = NO;
				DEBUG_INFORMATION_FORMAT = dwarf;
				ENABLE_STRICT_OBJC_MSGSEND = YES;
				ENABLE_TESTABILITY = YES;
				GCC_C_LANGUAGE_STANDARD = gnu99;
				GCC_DYNAMIC_NO_PIC = NO;
				GCC_NO_COMMON_BLOCKS = YES;
				GCC_OPTIMIZATION_LEVEL = 0;
				GCC_PREPROCESSOR_DEFINITIONS = (
					"DEBUG=1",
					"$(inherited)",
				);
				GCC_WARN_64_TO_32_BIT_CONVERSION = YES;
				GCC_WARN_ABOUT_RETURN_TYPE = YES_ERROR;
				GCC_WARN_UNDECLARED_SELECTOR = YES;
				GCC_WARN_UNINITIALIZED_AUTOS = YES_AGGRESSIVE;
				GCC_WARN_UNUSED_FUNCTION = YES;
				GCC_WARN_UNUSED_VARIABLE = YES;
				IPHONEOS_DEPLOYMENT_TARGET = 10.2;
				MTL_ENABLE_DEBUG_INFO = YES;
				ONLY_ACTIVE_ARCH = YES;
				SDKROOT = iphoneos;
				TARGETED_DEVICE_FAMILY = "1,2";
			};
			name = Debug;
		};
		2E098B411F70CBB70079CCA7 /* Release */ = {
			isa = XCBuildConfiguration;
			buildSettings = {
				ALWAYS_SEARCH_USER_PATHS = NO;
				CLANG_ANALYZER_NONNULL = YES;
				CLANG_CXX_LANGUAGE_STANDARD = "gnu++0x";
				CLANG_CXX_LIBRARY = "libc++";
				CLANG_ENABLE_MODULES = YES;
				CLANG_ENABLE_OBJC_ARC = YES;
				CLANG_WARN_BOOL_CONVERSION = YES;
				CLANG_WARN_CONSTANT_CONVERSION = YES;
				CLANG_WARN_DIRECT_OBJC_ISA_USAGE = YES_ERROR;
				CLANG_WARN_DOCUMENTATION_COMMENTS = YES;
				CLANG_WARN_EMPTY_BODY = YES;
				CLANG_WARN_ENUM_CONVERSION = YES;
				CLANG_WARN_INFINITE_RECURSION = YES;
				CLANG_WARN_INT_CONVERSION = YES;
				CLANG_WARN_OBJC_ROOT_CLASS = YES_ERROR;
				CLANG_WARN_SUSPICIOUS_MOVE = YES;
				CLANG_WARN_UNREACHABLE_CODE = YES;
				CLANG_WARN__DUPLICATE_METHOD_MATCH = YES;
				"CODE_SIGN_IDENTITY[sdk=iphoneos*]" = "iPhone Developer";
				COPY_PHASE_STRIP = NO;
				DEBUG_INFORMATION_FORMAT = "dwarf-with-dsym";
				ENABLE_NS_ASSERTIONS = NO;
				ENABLE_STRICT_OBJC_MSGSEND = YES;
				GCC_C_LANGUAGE_STANDARD = gnu99;
				GCC_NO_COMMON_BLOCKS = YES;
				GCC_WARN_64_TO_32_BIT_CONVERSION = YES;
				GCC_WARN_ABOUT_RETURN_TYPE = YES_ERROR;
				GCC_WARN_UNDECLARED_SELECTOR = YES;
				GCC_WARN_UNINITIALIZED_AUTOS = YES_AGGRESSIVE;
				GCC_WARN_UNUSED_FUNCTION = YES;
				GCC_WARN_UNUSED_VARIABLE = YES;
				IPHONEOS_DEPLOYMENT_TARGET = 10.2;
				MTL_ENABLE_DEBUG_INFO = NO;
				SDKROOT = iphoneos;
				TARGETED_DEVICE_FAMILY = "1,2";
				VALIDATE_PRODUCT = YES;
			};
			name = Release;
		};
		2E098B431F70CBB70079CCA7 /* Debug */ = {
			isa = XCBuildConfiguration;
			baseConfigurationReference = 7E7612FC2C728FEED05A7952 /* Pods-Jenkins_test.debug.xcconfig */;
			buildSettings = {
				ASSETCATALOG_COMPILER_APPICON_NAME = AppIcon;
				DEVELOPMENT_TEAM = P3MDCGZMK7;
				ENABLE_BITCODE = NO;
				INFOPLIST_FILE = Jenkins_test/Info.plist;
				IPHONEOS_DEPLOYMENT_TARGET = 8.0;
				LD_RUNPATH_SEARCH_PATHS = "$(inherited) @executable_path/Frameworks";
				PRODUCT_BUNDLE_IDENTIFIER = com.hisun.tt.KuuGa;
				PRODUCT_NAME = "$(TARGET_NAME)";
			};
			name = Debug;
		};
		2E098B441F70CBB70079CCA7 /* Release */ = {
			isa = XCBuildConfiguration;
			baseConfigurationReference = 3A64A2EB410D0084839B1965 /* Pods-Jenkins_test.release.xcconfig */;
			buildSettings = {
				ASSETCATALOG_COMPILER_APPICON_NAME = AppIcon;
				DEVELOPMENT_TEAM = P3MDCGZMK7;
				ENABLE_BITCODE = NO;
				INFOPLIST_FILE = Jenkins_test/Info.plist;
				IPHONEOS_DEPLOYMENT_TARGET = 8.0;
				LD_RUNPATH_SEARCH_PATHS = "$(inherited) @executable_path/Frameworks";
				PRODUCT_BUNDLE_IDENTIFIER = com.hisun.tt.KuuGa;
				PRODUCT_NAME = "$(TARGET_NAME)";
			};
			name = Release;
		};
/* End XCBuildConfiguration section */

/* Begin XCConfigurationList section */
		2E098B261F70CBB70079CCA7 /* Build configuration list for PBXProject "Jenkins_test" */ = {
			isa = XCConfigurationList;
			buildConfigurations = (
				2E098B401F70CBB70079CCA7 /* Debug */,
				2E098B411F70CBB70079CCA7 /* Release */,
			);
			defaultConfigurationIsVisible = 0;
			defaultConfigurationName = Release;
		};
		2E098B421F70CBB70079CCA7 /* Build configuration list for PBXNativeTarget "Jenkins_test" */ = {
			isa = XCConfigurationList;
			buildConfigurations = (
				2E098B431F70CBB70079CCA7 /* Debug */,
				2E098B441F70CBB70079CCA7 /* Release */,
			);
			defaultConfigurationIsVisible = 0;
			defaultConfigurationName = Release;
		};
/* End XCConfigurationList section */
	};
	rootObject = 2E098B231F70CBB70079CCA7 /* Project object */;
}
